
Microsoft Visual Studio Solution File, Format Version 12.00
# Visual Studio Version 18
VisualStudioVersion = 18.6.11806.211 stable
MinimumVisualStudioVersion = 10.0.40219.1
Project("{FAE04EC0-301F-11D3-BF4B-00C04F79EFBC}") = "HMS.API", "HMS.API\HMS.API.csproj", "{8CC9888B-3F33-4E8A-A2A8-9BE6AC75D5B8}"
EndProject
Project("{FAE04EC0-301F-11D3-BF4B-00C04F79EFBC}") = "HMS.Domain", "HMS.Domain\HMS.Domain.csproj", "{8139808D-2124-4848-9CCE-482D4747415D}"
EndProject
Project("{FAE04EC0-301F-11D3-BF4B-00C04F79EFBC}") = "HMS.Application", "HMS.Application\HMS.Application.csproj", "{35B13686-36E7-4022-93EA-7ED08E978225}"
EndProject
Project("{FAE04EC0-301F-11D3-BF4B-00C04F79EFBC}") = "HMS.Infrastructure", "HMS.Infrastructure\HMS.Infrastructure.csproj", "{4BB66100-34E9-4177-AEB9-09C6A3D5F86A}"
EndProject
Project("{FAE04EC0-301F-11D3-BF4B-00C04F79EFBC}") = "HMS.Persistence", "HMS.Persistence\HMS.Persistence.csproj", "{911F0A52-7A81-44B6-8973-ECCBD37C3747}"
EndProject
Global
	GlobalSection(SolutionConfigurationPlatforms) = preSolution
		Debug|Any CPU = Debug|Any CPU
		Release|Any CPU = Release|Any CPU
	EndGlobalSection
	GlobalSection(ProjectConfigurationPlatforms) = postSolution
		{8CC9888B-3F33-4E8A-A2A8-9BE6AC75D5B8}.Debug|Any CPU.ActiveCfg = Debug|Any CPU
		{8CC9888B-3F33-4E8A-A2A8-9BE6AC75D5B8}.Debug|Any CPU.Build.0 = Debug|Any CPU
		{8CC9888B-3F33-4E8A-A2A8-9BE6AC75D5B8}.Release|Any CPU.ActiveCfg = Release|Any CPU
		{8CC9888B-3F33-4E8A-A2A8-9BE6AC75D5B8}.Release|Any CPU.Build.0 = Release|Any CPU
		{8139808D-2124-4848-9CCE-482D4747415D}.Debug|Any CPU.ActiveCfg = Debug|Any CPU
		{8139808D-2124-4848-9CCE-482D4747415D}.Debug|Any CPU.Build.0 = Debug|Any CPU
		{8139808D-2124-4848-9CCE-482D4747415D}.Release|Any CPU.ActiveCfg = Release|Any CPU
		{8139808D-2124-4848-9CCE-482D4747415D}.Release|Any CPU.Build.0 = Release|Any CPU
		{35B13686-36E7-4022-93EA-7ED08E978225}.Debug|Any CPU.ActiveCfg = Debug|Any CPU
		{35B13686-36E7-4022-93EA-7ED08E978225}.Debug|Any CPU.Build.0 = Debug|Any CPU
		{35B13686-36E7-4022-93EA-7ED08E978225}.Release|Any CPU.ActiveCfg = Release|Any CPU
		{35B13686-36E7-4022-93EA-7ED08E978225}.Release|Any CPU.Build.0 = Release|Any CPU
		{4BB66100-34E9-4177-AEB9-09C6A3D5F86A}.Debug|Any CPU.ActiveCfg = Debug|Any CPU
		{4BB66100-34E9-4177-AEB9-09C6A3D5F86A}.Debug|Any CPU.Build.0 = Debug|Any CPU
		{4BB66100-34E9-4177-AEB9-09C6A3D5F86A}.Release|Any CPU.ActiveCfg = Release|Any CPU
		{4BB66100-34E9-4177-AEB9-09C6A3D5F86A}.Release|Any CPU.Build.0 = Release|Any CPU
		{911F0A52-7A81-44B6-8973-ECCBD37C3747}.Debug|Any CPU.ActiveCfg = Debug|Any CPU
		{911F0A52-7A81-44B6-8973-ECCBD37C3747}.Debug|Any CPU.Build.0 = Debug|Any CPU
		{911F0A52-7A81-44B6-8973-ECCBD37C3747}.Release|Any CPU.ActiveCfg = Release|Any CPU
		{911F0A52-7A81-44B6-8973-ECCBD37C3747}.Release|Any CPU.Build.0 = Release|Any CPU
	EndGlobalSection
	GlobalSection(SolutionProperties) = preSolution
		HideSolutionNode = FALSE
	EndGlobalSection
	GlobalSection(ExtensibilityGlobals) = postSolution
		SolutionGuid = {0A9709EF-3985-4669-BD68-9884AE731052}
	EndGlobalSection
EndGlobal
